
Microsoft Visual Studio Solution File, Format Version 12.00
# Visual Studio Version 17
VisualStudioVersion = 17.4.33205.214
MinimumVisualStudioVersion = 10.0.40219.1
Project("{8BC9CEB8-8B4A-11D0-8D11-00A0C91BC942}") = "Bai001", "Bai001\Bai001.vcxproj", "{3A1A14EC-F538-49D9-ADB9-EF0AD3359953}"
EndProject
Project("{8BC9CEB8-8B4A-11D0-8D11-00A0C91BC942}") = "Bai007", "Bai007\Bai007.vcxproj", "{942DDA22-84A7-467D-B47A-8432EA73A23D}"
EndProject
Project("{8BC9CEB8-8B4A-11D0-8D11-00A0C91BC942}") = "Bai013", "Bai013\Bai013.vcxproj", "{CE1A49E1-3704-4381-A43F-A96FAFABBC59}"
EndProject
Project("{8BC9CEB8-8B4A-11D0-8D11-00A0C91BC942}") = "Bai019", "Bai019\Bai019.vcxproj", "{B3C539D1-5AA0-4E12-8935-31523603F47D}"
EndProject
Project("{8BC9CEB8-8B4A-11D0-8D11-00A0C91BC942}") = "Bai025", "Bai025\Bai025.vcxproj", "{0A01D2A6-8EA9-41C0-922A-CC5E24D56FAD}"
EndProject
Project("{8BC9CEB8-8B4A-11D0-8D11-00A0C91BC942}") = "Bai031", "Bai031\Bai031.vcxproj", "{B4DFFFFD-0A36-486D-BBAB-09678178F18A}"
EndProject
Project("{8BC9CEB8-8B4A-11D0-8D11-00A0C91BC942}") = "Bai037", "Bai037\Bai037.vcxproj", "{949DD049-06B3-4F6E-A88D-544C78E044B3}"
EndProject
Project("{8BC9CEB8-8B4A-11D0-8D11-00A0C91BC942}") = "Bai043", "Bai043\Bai043.vcxproj", "{D2D5603E-64D7-48F7-83ED-02946F7E62B6}"
EndProject
Project("{8BC9CEB8-8B4A-11D0-8D11-00A0C91BC942}") = "Bai049", "Bai049\Bai049.vcxproj", "{87D03C63-BCB1-46E3-8CFB-04F6D71DCDC2}"
EndProject
Project("{8BC9CEB8-8B4A-11D0-8D11-00A0C91BC942}") = "Bai055", "Bai055\Bai055.vcxproj", "{F6F7FCC0-8BA8-424E-93CC-6723533EB751}"
EndProject
Project("{8BC9CEB8-8B4A-11D0-8D11-00A0C91BC942}") = "Bai061", "Bai061\Bai061.vcxproj", "{9E6F00EE-1AAA-4C03-8D7F-03765AEE8408}"
EndProject
Project("{8BC9CEB8-8B4A-11D0-8D11-00A0C91BC942}") = "Bai067", "Bai067\Bai067.vcxproj", "{84156B81-AC48-44C8-B119-D812AA244194}"
EndProject
Project("{8BC9CEB8-8B4A-11D0-8D11-00A0C91BC942}") = "Bai073", "Bai073\Bai073.vcxproj", "{BB2A22B1-35B9-4FC1-A2C3-8BE6F63705DE}"
EndProject
Project("{8BC9CEB8-8B4A-11D0-8D11-00A0C91BC942}") = "Bai079", "Bai079\Bai079.vcxproj", "{6381AD38-C54F-4EF6-B257-97C97619FC27}"
EndProject
Project("{8BC9CEB8-8B4A-11D0-8D11-00A0C91BC942}") = "Bai085", "Bai085\Bai085.vcxproj", "{6A0C9B48-7232-400C-976C-91CDD47FAEE8}"
EndProject
Project("{8BC9CEB8-8B4A-11D0-8D11-00A0C91BC942}") = "Bai091", "Bai091\Bai091.vcxproj", "{1EE83BFB-A9D7-49A8-B2F3-F09BD793FEA1}"
EndProject
Project("{8BC9CEB8-8B4A-11D0-8D11-00A0C91BC942}") = "Bai097", "Bai097\Bai097.vcxproj", "{6BD28FDC-0AD2-4E4A-8F73-71008657F6EF}"
EndProject
Project("{8BC9CEB8-8B4A-11D0-8D11-00A0C91BC942}") = "Bai103", "Bai103\Bai103.vcxproj", "{439F7A2D-EE3C-4534-9D2F-96E3427E0355}"
EndProject
Project("{8BC9CEB8-8B4A-11D0-8D11-00A0C91BC942}") = "Bai109", "Bai109\Bai109.vcxproj", "{C16B690A-D192-4B63-ABF3-031D611E42B8}"
EndProject
Project("{8BC9CEB8-8B4A-11D0-8D11-00A0C91BC942}") = "Bai115", "Bai115\Bai115.vcxproj", "{ACC60CEB-0E05-40DA-913B-82B5F5348BA9}"
EndProject
Project("{8BC9CEB8-8B4A-11D0-8D11-00A0C91BC942}") = "Bai121", "Bai121\Bai121.vcxproj", "{A3459C12-AE64-4D0D-9F2E-6F603927E0F0}"
EndProject
Project("{8BC9CEB8-8B4A-11D0-8D11-00A0C91BC942}") = "Bai127", "Bai127\Bai127.vcxproj", "{A0319168-736F-4DEE-8964-FB745EBC61DC}"
EndProject
Project("{8BC9CEB8-8B4A-11D0-8D11-00A0C91BC942}") = "Bai133", "Bai133\Bai133.vcxproj", "{1C985D84-4C60-4A6B-A9AD-249640A99709}"
EndProject
Project("{8BC9CEB8-8B4A-11D0-8D11-00A0C91BC942}") = "Bai139", "Bai139\Bai139.vcxproj", "{F6F02900-328F-4E2F-8E1A-832C9A5BC8CF}"
EndProject
Project("{8BC9CEB8-8B4A-11D0-8D11-00A0C91BC942}") = "Bai145", "Bai145\Bai145.vcxproj", "{60ED8031-1FCF-4102-8A9D-7B0CD59D81DE}"
EndProject
Project("{8BC9CEB8-8B4A-11D0-8D11-00A0C91BC942}") = "Bai151", "Bai151\Bai151.vcxproj", "{C5EB0B7D-DF52-4ABB-83A3-44D7AFAF1125}"
EndProject
Project("{8BC9CEB8-8B4A-11D0-8D11-00A0C91BC942}") = "Bai157", "Bai157\Bai157.vcxproj", "{BDDBF89A-22A4-4565-A696-514CF292E1D8}"
EndProject
Project("{8BC9CEB8-8B4A-11D0-8D11-00A0C91BC942}") = "Bai163", "Bai163\Bai163.vcxproj", "{FCBF05AB-60A8-449E-BD44-3C082923A524}"
EndProject
Global
	GlobalSection(SolutionConfigurationPlatforms) = preSolution
		Debug|x64 = Debug|x64
		Debug|x86 = Debug|x86
		Release|x64 = Release|x64
		Release|x86 = Release|x86
	EndGlobalSection
	GlobalSection(ProjectConfigurationPlatforms) = postSolution
		{3A1A14EC-F538-49D9-ADB9-EF0AD3359953}.Debug|x64.ActiveCfg = Debug|x64
		{3A1A14EC-F538-49D9-ADB9-EF0AD3359953}.Debug|x64.Build.0 = Debug|x64
		{3A1A14EC-F538-49D9-ADB9-EF0AD3359953}.Debug|x86.ActiveCfg = Debug|Win32
		{3A1A14EC-F538-49D9-ADB9-EF0AD3359953}.Debug|x86.Build.0 = Debug|Win32
		{3A1A14EC-F538-49D9-ADB9-EF0AD3359953}.Release|x64.ActiveCfg = Release|x64
		{3A1A14EC-F538-49D9-ADB9-EF0AD3359953}.Release|x64.Build.0 = Release|x64
		{3A1A14EC-F538-49D9-ADB9-EF0AD3359953}.Release|x86.ActiveCfg = Release|Win32
		{3A1A14EC-F538-49D9-ADB9-EF0AD3359953}.Release|x86.Build.0 = Release|Win32
		{942DDA22-84A7-467D-B47A-8432EA73A23D}.Debug|x64.ActiveCfg = Debug|x64
		{942DDA22-84A7-467D-B47A-8432EA73A23D}.Debug|x64.Build.0 = Debug|x64
		{942DDA22-84A7-467D-B47A-8432EA73A23D}.Debug|x86.ActiveCfg = Debug|Win32
		{942DDA22-84A7-467D-B47A-8432EA73A23D}.Debug|x86.Build.0 = Debug|Win32
		{942DDA22-84A7-467D-B47A-8432EA73A23D}.Release|x64.ActiveCfg = Release|x64
		{942DDA22-84A7-467D-B47A-8432EA73A23D}.Release|x64.Build.0 = Release|x64
		{942DDA22-84A7-467D-B47A-8432EA73A23D}.Release|x86.ActiveCfg = Release|Win32
		{942DDA22-84A7-467D-B47A-8432EA73A23D}.Release|x86.Build.0 = Release|Win32
		{CE1A49E1-3704-4381-A43F-A96FAFABBC59}.Debug|x64.ActiveCfg = Debug|x64
		{CE1A49E1-3704-4381-A43F-A96FAFABBC59}.Debug|x64.Build.0 = Debug|x64
		{CE1A49E1-3704-4381-A43F-A96FAFABBC59}.Debug|x86.ActiveCfg = Debug|Win32
		{CE1A49E1-3704-4381-A43F-A96FAFABBC59}.Debug|x86.Build.0 = Debug|Win32
		{CE1A49E1-3704-4381-A43F-A96FAFABBC59}.Release|x64.ActiveCfg = Release|x64
		{CE1A49E1-3704-4381-A43F-A96FAFABBC59}.Release|x64.Build.0 = Release|x64
		{CE1A49E1-3704-4381-A43F-A96FAFABBC59}.Release|x86.ActiveCfg = Release|Win32
		{CE1A49E1-3704-4381-A43F-A96FAFABBC59}.Release|x86.Build.0 = Release|Win32
		{B3C539D1-5AA0-4E12-8935-31523603F47D}.Debug|x64.ActiveCfg = Debug|x64
		{B3C539D1-5AA0-4E12-8935-31523603F47D}.Debug|x64.Build.0 = Debug|x64
		{B3C539D1-5AA0-4E12-8935-31523603F47D}.Debug|x86.ActiveCfg = Debug|Win32
		{B3C539D1-5AA0-4E12-8935-31523603F47D}.Debug|x86.Build.0 = Debug|Win32
		{B3C539D1-5AA0-4E12-8935-31523603F47D}.Release|x64.ActiveCfg = Release|x64
		{B3C539D1-5AA0-4E12-8935-31523603F47D}.Release|x64.Build.0 = Release|x64
		{B3C539D1-5AA0-4E12-8935-31523603F47D}.Release|x86.ActiveCfg = Release|Win32
		{B3C539D1-5AA0-4E12-8935-31523603F47D}.Release|x86.Build.0 = Release|Win32
		{0A01D2A6-8EA9-41C0-922A-CC5E24D56FAD}.Debug|x64.ActiveCfg = Debug|x64
		{0A01D2A6-8EA9-41C0-922A-CC5E24D56FAD}.Debug|x64.Build.0 = Debug|x64
		{0A01D2A6-8EA9-41C0-922A-CC5E24D56FAD}.Debug|x86.ActiveCfg = Debug|Win32
		{0A01D2A6-8EA9-41C0-922A-CC5E24D56FAD}.Debug|x86.Build.0 = Debug|Win32
		{0A01D2A6-8EA9-41C0-922A-CC5E24D56FAD}.Release|x64.ActiveCfg = Release|x64
		{0A01D2A6-8EA9-41C0-922A-CC5E24D56FAD}.Release|x64.Build.0 = Release|x64
		{0A01D2A6-8EA9-41C0-922A-CC5E24D56FAD}.Release|x86.ActiveCfg = Release|Win32
		{0A01D2A6-8EA9-41C0-922A-CC5E24D56FAD}.Release|x86.Build.0 = Release|Win32
		{B4DFFFFD-0A36-486D-BBAB-09678178F18A}.Debug|x64.ActiveCfg = Debug|x64
		{B4DFFFFD-0A36-486D-BBAB-09678178F18A}.Debug|x64.Build.0 = Debug|x64
		{B4DFFFFD-0A36-486D-BBAB-09678178F18A}.Debug|x86.ActiveCfg = Debug|Win32
		{B4DFFFFD-0A36-486D-BBAB-09678178F18A}.Debug|x86.Build.0 = Debug|Win32
		{B4DFFFFD-0A36-486D-BBAB-09678178F18A}.Release|x64.ActiveCfg = Release|x64
		{B4DFFFFD-0A36-486D-BBAB-09678178F18A}.Release|x64.Build.0 = Release|x64
		{B4DFFFFD-0A36-486D-BBAB-09678178F18A}.Release|x86.ActiveCfg = Release|Win32
		{B4DFFFFD-0A36-486D-BBAB-09678178F18A}.Release|x86.Build.0 = Release|Win32
		{949DD049-06B3-4F6E-A88D-544C78E044B3}.Debug|x64.ActiveCfg = Debug|x64
		{949DD049-06B3-4F6E-A88D-544C78E044B3}.Debug|x64.Build.0 = Debug|x64
		{949DD049-06B3-4F6E-A88D-544C78E044B3}.Debug|x86.ActiveCfg = Debug|Win32
		{949DD049-06B3-4F6E-A88D-544C78E044B3}.Debug|x86.Build.0 = Debug|Win32
		{949DD049-06B3-4F6E-A88D-544C78E044B3}.Release|x64.ActiveCfg = Release|x64
		{949DD049-06B3-4F6E-A88D-544C78E044B3}.Release|x64.Build.0 = Release|x64
		{949DD049-06B3-4F6E-A88D-544C78E044B3}.Release|x86.ActiveCfg = Release|Win32
		{949DD049-06B3-4F6E-A88D-544C78E044B3}.Release|x86.Build.0 = Release|Win32
		{D2D5603E-64D7-48F7-83ED-02946F7E62B6}.Debug|x64.ActiveCfg = Debug|x64
		{D2D5603E-64D7-48F7-83ED-02946F7E62B6}.Debug|x64.Build.0 = Debug|x64
		{D2D5603E-64D7-48F7-83ED-02946F7E62B6}.Debug|x86.ActiveCfg = Debug|Win32
		{D2D5603E-64D7-48F7-83ED-02946F7E62B6}.Debug|x86.Build.0 = Debug|Win32
		{D2D5603E-64D7-48F7-83ED-02946F7E62B6}.Release|x64.ActiveCfg = Release|x64
		{D2D5603E-64D7-48F7-83ED-02946F7E62B6}.Release|x64.Build.0 = Release|x64
		{D2D5603E-64D7-48F7-83ED-02946F7E62B6}.Release|x86.ActiveCfg = Release|Win32
		{D2D5603E-64D7-48F7-83ED-02946F7E62B6}.Release|x86.Build.0 = Release|Win32
		{87D03C63-BCB1-46E3-8CFB-04F6D71DCDC2}.Debug|x64.ActiveCfg = Debug|x64
		{87D03C63-BCB1-46E3-8CFB-04F6D71DCDC2}.Debug|x64.Build.0 = Debug|x64
		{87D03C63-BCB1-46E3-8CFB-04F6D71DCDC2}.Debug|x86.ActiveCfg = Debug|Win32
		{87D03C63-BCB1-46E3-8CFB-04F6D71DCDC2}.Debug|x86.Build.0 = Debug|Win32
		{87D03C63-BCB1-46E3-8CFB-04F6D71DCDC2}.Release|x64.ActiveCfg = Release|x64
		{87D03C63-BCB1-46E3-8CFB-04F6D71DCDC2}.Release|x64.Build.0 = Release|x64
		{87D03C63-BCB1-46E3-8CFB-04F6D71DCDC2}.Release|x86.ActiveCfg = Release|Win32
		{87D03C63-BCB1-46E3-8CFB-04F6D71DCDC2}.Release|x86.Build.0 = Release|Win32
		{F6F7FCC0-8BA8-424E-93CC-6723533EB751}.Debug|x64.ActiveCfg = Debug|x64
		{F6F7FCC0-8BA8-424E-93CC-6723533EB751}.Debug|x64.Build.0 = Debug|x64
		{F6F7FCC0-8BA8-424E-93CC-6723533EB751}.Debug|x86.ActiveCfg = Debug|Win32
		{F6F7FCC0-8BA8-424E-93CC-6723533EB751}.Debug|x86.Build.0 = Debug|Win32
		{F6F7FCC0-8BA8-424E-93CC-6723533EB751}.Release|x64.ActiveCfg = Release|x64
		{F6F7FCC0-8BA8-424E-93CC-6723533EB751}.Release|x64.Build.0 = Release|x64
		{F6F7FCC0-8BA8-424E-93CC-6723533EB751}.Release|x86.ActiveCfg = Release|Win32
		{F6F7FCC0-8BA8-424E-93CC-6723533EB751}.Release|x86.Build.0 = Release|Win32
		{9E6F00EE-1AAA-4C03-8D7F-03765AEE8408}.Debug|x64.ActiveCfg = Debug|x64
		{9E6F00EE-1AAA-4C03-8D7F-03765AEE8408}.Debug|x64.Build.0 = Debug|x64
		{9E6F00EE-1AAA-4C03-8D7F-03765AEE8408}.Debug|x86.ActiveCfg = Debug|Win32
		{9E6F00EE-1AAA-4C03-8D7F-03765AEE8408}.Debug|x86.Build.0 = Debug|Win32
		{9E6F00EE-1AAA-4C03-8D7F-03765AEE8408}.Release|x64.ActiveCfg = Release|x64
		{9E6F00EE-1AAA-4C03-8D7F-03765AEE8408}.Release|x64.Build.0 = Release|x64
		{9E6F00EE-1AAA-4C03-8D7F-03765AEE8408}.Release|x86.ActiveCfg = Release|Win32
		{9E6F00EE-1AAA-4C03-8D7F-03765AEE8408}.Release|x86.Build.0 = Release|Win32
		{84156B81-AC48-44C8-B119-D812AA244194}.Debug|x64.ActiveCfg = Debug|x64
		{84156B81-AC48-44C8-B119-D812AA244194}.Debug|x64.Build.0 = Debug|x64
		{84156B81-AC48-44C8-B119-D812AA244194}.Debug|x86.ActiveCfg = Debug|Win32
		{84156B81-AC48-44C8-B119-D812AA244194}.Debug|x86.Build.0 = Debug|Win32
		{84156B81-AC48-44C8-B119-D812AA244194}.Release|x64.ActiveCfg = Release|x64
		{84156B81-AC48-44C8-B119-D812AA244194}.Release|x64.Build.0 = Release|x64
		{84156B81-AC48-44C8-B119-D812AA244194}.Release|x86.ActiveCfg = Release|Win32
		{84156B81-AC48-44C8-B119-D812AA244194}.Release|x86.Build.0 = Release|Win32
		{BB2A22B1-35B9-4FC1-A2C3-8BE6F63705DE}.Debug|x64.ActiveCfg = Debug|x64
		{BB2A22B1-35B9-4FC1-A2C3-8BE6F63705DE}.Debug|x64.Build.0 = Debug|x64
		{BB2A22B1-35B9-4FC1-A2C3-8BE6F63705DE}.Debug|x86.ActiveCfg = Debug|Win32
		{BB2A22B1-35B9-4FC1-A2C3-8BE6F63705DE}.Debug|x86.Build.0 = Debug|Win32
		{BB2A22B1-35B9-4FC1-A2C3-8BE6F63705DE}.Release|x64.ActiveCfg = Release|x64
		{BB2A22B1-35B9-4FC1-A2C3-8BE6F63705DE}.Release|x64.Build.0 = Release|x64
		{BB2A22B1-35B9-4FC1-A2C3-8BE6F63705DE}.Release|x86.ActiveCfg = Release|Win32
		{BB2A22B1-35B9-4FC1-A2C3-8BE6F63705DE}.Release|x86.Build.0 = Release|Win32
		{6381AD38-C54F-4EF6-B257-97C97619FC27}.Debug|x64.ActiveCfg = Debug|x64
		{6381AD38-C54F-4EF6-B257-97C97619FC27}.Debug|x64.Build.0 = Debug|x64
		{6381AD38-C54F-4EF6-B257-97C97619FC27}.Debug|x86.ActiveCfg = Debug|Win32
		{6381AD38-C54F-4EF6-B257-97C97619FC27}.Debug|x86.Build.0 = Debug|Win32
		{6381AD38-C54F-4EF6-B257-97C97619FC27}.Release|x64.ActiveCfg = Release|x64
		{6381AD38-C54F-4EF6-B257-97C97619FC27}.Release|x64.Build.0 = Release|x64
		{6381AD38-C54F-4EF6-B257-97C97619FC27}.Release|x86.ActiveCfg = Release|Win32
		{6381AD38-C54F-4EF6-B257-97C97619FC27}.Release|x86.Build.0 = Release|Win32
		{6A0C9B48-7232-400C-976C-91CDD47FAEE8}.Debug|x64.ActiveCfg = Debug|x64
		{6A0C9B48-7232-400C-976C-91CDD47FAEE8}.Debug|x64.Build.0 = Debug|x64
		{6A0C9B48-7232-400C-976C-91CDD47FAEE8}.Debug|x86.ActiveCfg = Debug|Win32
		{6A0C9B48-7232-400C-976C-91CDD47FAEE8}.Debug|x86.Build.0 = Debug|Win32
		{6A0C9B48-7232-400C-976C-91CDD47FAEE8}.Release|x64.ActiveCfg = Release|x64
		{6A0C9B48-7232-400C-976C-91CDD47FAEE8}.Release|x64.Build.0 = Release|x64
		{6A0C9B48-7232-400C-976C-91CDD47FAEE8}.Release|x86.ActiveCfg = Release|Win32
		{6A0C9B48-7232-400C-976C-91CDD47FAEE8}.Release|x86.Build.0 = Release|Win32
		{1EE83BFB-A9D7-49A8-B2F3-F09BD793FEA1}.Debug|x64.ActiveCfg = Debug|x64
		{1EE83BFB-A9D7-49A8-B2F3-F09BD793FEA1}.Debug|x64.Build.0 = Debug|x64
		{1EE83BFB-A9D7-49A8-B2F3-F09BD793FEA1}.Debug|x86.ActiveCfg = Debug|Win32
		{1EE83BFB-A9D7-49A8-B2F3-F09BD793FEA1}.Debug|x86.Build.0 = Debug|Win32
		{1EE83BFB-A9D7-49A8-B2F3-F09BD793FEA1}.Release|x64.ActiveCfg = Release|x64
		{1EE83BFB-A9D7-49A8-B2F3-F09BD793FEA1}.Release|x64.Build.0 = Release|x64
		{1EE83BFB-A9D7-49A8-B2F3-F09BD793FEA1}.Release|x86.ActiveCfg = Release|Win32
		{1EE83BFB-A9D7-49A8-B2F3-F09BD793FEA1}.Release|x86.Build.0 = Release|Win32
		{6BD28FDC-0AD2-4E4A-8F73-71008657F6EF}.Debug|x64.ActiveCfg = Debug|x64
		{6BD28FDC-0AD2-4E4A-8F73-71008657F6EF}.Debug|x64.Build.0 = Debug|x64
		{6BD28FDC-0AD2-4E4A-8F73-71008657F6EF}.Debug|x86.ActiveCfg = Debug|Win32
		{6BD28FDC-0AD2-4E4A-8F73-71008657F6EF}.Debug|x86.Build.0 = Debug|Win32
		{6BD28FDC-0AD2-4E4A-8F73-71008657F6EF}.Release|x64.ActiveCfg = Release|x64
		{6BD28FDC-0AD2-4E4A-8F73-71008657F6EF}.Release|x64.Build.0 = Release|x64
		{6BD28FDC-0AD2-4E4A-8F73-71008657F6EF}.Release|x86.ActiveCfg = Release|Win32
		{6BD28FDC-0AD2-4E4A-8F73-71008657F6EF}.Release|x86.Build.0 = Release|Win32
		{439F7A2D-EE3C-4534-9D2F-96E3427E0355}.Debug|x64.ActiveCfg = Debug|x64
		{439F7A2D-EE3C-4534-9D2F-96E3427E0355}.Debug|x64.Build.0 = Debug|x64
		{439F7A2D-EE3C-4534-9D2F-96E3427E0355}.Debug|x86.ActiveCfg = Debug|Win32
		{439F7A2D-EE3C-4534-9D2F-96E3427E0355}.Debug|x86.Build.0 = Debug|Win32
		{439F7A2D-EE3C-4534-9D2F-96E3427E0355}.Release|x64.ActiveCfg = Release|x64
		{439F7A2D-EE3C-4534-9D2F-96E3427E0355}.Release|x64.Build.0 = Release|x64
		{439F7A2D-EE3C-4534-9D2F-96E3427E0355}.Release|x86.ActiveCfg = Release|Win32
		{439F7A2D-EE3C-4534-9D2F-96E3427E0355}.Release|x86.Build.0 = Release|Win32
		{C16B690A-D192-4B63-ABF3-031D611E42B8}.Debug|x64.ActiveCfg = Debug|x64
		{C16B690A-D192-4B63-ABF3-031D611E42B8}.Debug|x64.Build.0 = Debug|x64
		{C16B690A-D192-4B63-ABF3-031D611E42B8}.Debug|x86.ActiveCfg = Debug|Win32
		{C16B690A-D192-4B63-ABF3-031D611E42B8}.Debug|x86.Build.0 = Debug|Win32
		{C16B690A-D192-4B63-ABF3-031D611E42B8}.Release|x64.ActiveCfg = Release|x64
		{C16B690A-D192-4B63-ABF3-031D611E42B8}.Release|x64.Build.0 = Release|x64
		{C16B690A-D192-4B63-ABF3-031D611E42B8}.Release|x86.ActiveCfg = Release|Win32
		{C16B690A-D192-4B63-ABF3-031D611E42B8}.Release|x86.Build.0 = Release|Win32
		{ACC60CEB-0E05-40DA-913B-82B5F5348BA9}.Debug|x64.ActiveCfg = Debug|x64
		{ACC60CEB-0E05-40DA-913B-82B5F5348BA9}.Debug|x64.Build.0 = Debug|x64
		{ACC60CEB-0E05-40DA-913B-82B5F5348BA9}.Debug|x86.ActiveCfg = Debug|Win32
		{ACC60CEB-0E05-40DA-913B-82B5F5348BA9}.Debug|x86.Build.0 = Debug|Win32
		{ACC60CEB-0E05-40DA-913B-82B5F5348BA9}.Release|x64.ActiveCfg = Release|x64
		{ACC60CEB-0E05-40DA-913B-82B5F5348BA9}.Release|x64.Build.0 = Release|x64
		{ACC60CEB-0E05-40DA-913B-82B5F5348BA9}.Release|x86.ActiveCfg = Release|Win32
		{ACC60CEB-0E05-40DA-913B-82B5F5348BA9}.Release|x86.Build.0 = Release|Win32
		{A3459C12-AE64-4D0D-9F2E-6F603927E0F0}.Debug|x64.ActiveCfg = Debug|x64
		{A3459C12-AE64-4D0D-9F2E-6F603927E0F0}.Debug|x64.Build.0 = Debug|x64
		{A3459C12-AE64-4D0D-9F2E-6F603927E0F0}.Debug|x86.ActiveCfg = Debug|Win32
		{A3459C12-AE64-4D0D-9F2E-6F603927E0F0}.Debug|x86.Build.0 = Debug|Win32
		{A3459C12-AE64-4D0D-9F2E-6F603927E0F0}.Release|x64.ActiveCfg = Release|x64
		{A3459C12-AE64-4D0D-9F2E-6F603927E0F0}.Release|x64.Build.0 = Release|x64
		{A3459C12-AE64-4D0D-9F2E-6F603927E0F0}.Release|x86.ActiveCfg = Release|Win32
		{A3459C12-AE64-4D0D-9F2E-6F603927E0F0}.Release|x86.Build.0 = Release|Win32
		{A0319168-736F-4DEE-8964-FB745EBC61DC}.Debug|x64.ActiveCfg = Debug|x64
		{A0319168-736F-4DEE-8964-FB745EBC61DC}.Debug|x64.Build.0 = Debug|x64
		{A0319168-736F-4DEE-8964-FB745EBC61DC}.Debug|x86.ActiveCfg = Debug|Win32
		{A0319168-736F-4DEE-8964-FB745EBC61DC}.Debug|x86.Build.0 = Debug|Win32
		{A0319168-736F-4DEE-8964-FB745EBC61DC}.Release|x64.ActiveCfg = Release|x64
		{A0319168-736F-4DEE-8964-FB745EBC61DC}.Release|x64.Build.0 = Release|x64
		{A0319168-736F-4DEE-8964-FB745EBC61DC}.Release|x86.ActiveCfg = Release|Win32
		{A0319168-736F-4DEE-8964-FB745EBC61DC}.Release|x86.Build.0 = Release|Win32
		{1C985D84-4C60-4A6B-A9AD-249640A99709}.Debug|x64.ActiveCfg = Debug|x64
		{1C985D84-4C60-4A6B-A9AD-249640A99709}.Debug|x64.Build.0 = Debug|x64
		{1C985D84-4C60-4A6B-A9AD-249640A99709}.Debug|x86.ActiveCfg = Debug|Win32
		{1C985D84-4C60-4A6B-A9AD-249640A99709}.Debug|x86.Build.0 = Debug|Win32
		{1C985D84-4C60-4A6B-A9AD-249640A99709}.Release|x64.ActiveCfg = Release|x64
		{1C985D84-4C60-4A6B-A9AD-249640A99709}.Release|x64.Build.0 = Release|x64
		{1C985D84-4C60-4A6B-A9AD-249640A99709}.Release|x86.ActiveCfg = Release|Win32
		{1C985D84-4C60-4A6B-A9AD-249640A99709}.Release|x86.Build.0 = Release|Win32
		{F6F02900-328F-4E2F-8E1A-832C9A5BC8CF}.Debug|x64.ActiveCfg = Debug|x64
		{F6F02900-328F-4E2F-8E1A-832C9A5BC8CF}.Debug|x64.Build.0 = Debug|x64
		{F6F02900-328F-4E2F-8E1A-832C9A5BC8CF}.Debug|x86.ActiveCfg = Debug|Win32
		{F6F02900-328F-4E2F-8E1A-832C9A5BC8CF}.Debug|x86.Build.0 = Debug|Win32
		{F6F02900-328F-4E2F-8E1A-832C9A5BC8CF}.Release|x64.ActiveCfg = Release|x64
		{F6F02900-328F-4E2F-8E1A-832C9A5BC8CF}.Release|x64.Build.0 = Release|x64
		{F6F02900-328F-4E2F-8E1A-832C9A5BC8CF}.Release|x86.ActiveCfg = Release|Win32
		{F6F02900-328F-4E2F-8E1A-832C9A5BC8CF}.Release|x86.Build.0 = Release|Win32
		{60ED8031-1FCF-4102-8A9D-7B0CD59D81DE}.Debug|x64.ActiveCfg = Debug|x64
		{60ED8031-1FCF-4102-8A9D-7B0CD59D81DE}.Debug|x64.Build.0 = Debug|x64
		{60ED8031-1FCF-4102-8A9D-7B0CD59D81DE}.Debug|x86.ActiveCfg = Debug|Win32
		{60ED8031-1FCF-4102-8A9D-7B0CD59D81DE}.Debug|x86.Build.0 = Debug|Win32
		{60ED8031-1FCF-4102-8A9D-7B0CD59D81DE}.Release|x64.ActiveCfg = Release|x64
		{60ED8031-1FCF-4102-8A9D-7B0CD59D81DE}.Release|x64.Build.0 = Release|x64
		{60ED8031-1FCF-4102-8A9D-7B0CD59D81DE}.Release|x86.ActiveCfg = Release|Win32
		{60ED8031-1FCF-4102-8A9D-7B0CD59D81DE}.Release|x86.Build.0 = Release|Win32
		{C5EB0B7D-DF52-4ABB-83A3-44D7AFAF1125}.Debug|x64.ActiveCfg = Debug|x64
		{C5EB0B7D-DF52-4ABB-83A3-44D7AFAF1125}.Debug|x64.Build.0 = Debug|x64
		{C5EB0B7D-DF52-4ABB-83A3-44D7AFAF1125}.Debug|x86.ActiveCfg = Debug|Win32
		{C5EB0B7D-DF52-4ABB-83A3-44D7AFAF1125}.Debug|x86.Build.0 = Debug|Win32
		{C5EB0B7D-DF52-4ABB-83A3-44D7AFAF1125}.Release|x64.ActiveCfg = Release|x64
		{C5EB0B7D-DF52-4ABB-83A3-44D7AFAF1125}.Release|x64.Build.0 = Release|x64
		{C5EB0B7D-DF52-4ABB-83A3-44D7AFAF1125}.Release|x86.ActiveCfg = Release|Win32
		{C5EB0B7D-DF52-4ABB-83A3-44D7AFAF1125}.Release|x86.Build.0 = Release|Win32
		{BDDBF89A-22A4-4565-A696-514CF292E1D8}.Debug|x64.ActiveCfg = Debug|x64
		{BDDBF89A-22A4-4565-A696-514CF292E1D8}.Debug|x64.Build.0 = Debug|x64
		{BDDBF89A-22A4-4565-A696-514CF292E1D8}.Debug|x86.ActiveCfg = Debug|Win32
		{BDDBF89A-22A4-4565-A696-514CF292E1D8}.Debug|x86.Build.0 = Debug|Win32
		{BDDBF89A-22A4-4565-A696-514CF292E1D8}.Release|x64.ActiveCfg = Release|x64
		{BDDBF89A-22A4-4565-A696-514CF292E1D8}.Release|x64.Build.0 = Release|x64
		{BDDBF89A-22A4-4565-A696-514CF292E1D8}.Release|x86.ActiveCfg = Release|Win32
		{BDDBF89A-22A4-4565-A696-514CF292E1D8}.Release|x86.Build.0 = Release|Win32
		{FCBF05AB-60A8-449E-BD44-3C082923A524}.Debug|x64.ActiveCfg = Debug|x64
		{FCBF05AB-60A8-449E-BD44-3C082923A524}.Debug|x64.Build.0 = Debug|x64
		{FCBF05AB-60A8-449E-BD44-3C082923A524}.Debug|x86.ActiveCfg = Debug|Win32
		{FCBF05AB-60A8-449E-BD44-3C082923A524}.Debug|x86.Build.0 = Debug|Win32
		{FCBF05AB-60A8-449E-BD44-3C082923A524}.Release|x64.ActiveCfg = Release|x64
		{FCBF05AB-60A8-449E-BD44-3C082923A524}.Release|x64.Build.0 = Release|x64
		{FCBF05AB-60A8-449E-BD44-3C082923A524}.Release|x86.ActiveCfg = Release|Win32
		{FCBF05AB-60A8-449E-BD44-3C082923A524}.Release|x86.Build.0 = Release|Win32
	EndGlobalSection
	GlobalSection(SolutionProperties) = preSolution
		HideSolutionNode = FALSE
	EndGlobalSection
	GlobalSection(ExtensibilityGlobals) = postSolution
		SolutionGuid = {F209B154-CF56-49BF-98B6-4441F5D9AA46}
	EndGlobalSection
EndGlobal
